
Microsoft Visual Studio Solution File, Format Version 12.00
# Visual Studio Version 16
VisualStudioVersion = 16.0.30330.147
MinimumVisualStudioVersion = 10.0.40219.1
Project("{FAE04EC0-301F-11D3-BF4B-00C04F79EFBC}") = "DEVIO.UI.AppModelo", "DEVIO.UI.AppModelo\DEVIO.UI.AppModelo.csproj", "{30CACFD2-E927-4511-9840-18DE07A91678}"
EndProject
Global
	GlobalSection(SolutionConfigurationPlatforms) = preSolution
		Debug|Any CPU = Debug|Any CPU
		Release|Any CPU = Release|Any CPU
	EndGlobalSection
	GlobalSection(ProjectConfigurationPlatforms) = postSolution
		{30CACFD2-E927-4511-9840-18DE07A91678}.Debug|Any CPU.ActiveCfg = Debug|Any CPU
		{30CACFD2-E927-4511-9840-18DE07A91678}.Debug|Any CPU.Build.0 = Debug|Any CPU
		{30CACFD2-E927-4511-9840-18DE07A91678}.Release|Any CPU.ActiveCfg = Release|Any CPU
		{30CACFD2-E927-4511-9840-18DE07A91678}.Release|Any CPU.Build.0 = Release|Any CPU
	EndGlobalSection
	GlobalSection(SolutionProperties) = preSolution
		HideSolutionNode = FALSE
	EndGlobalSection
	GlobalSection(ExtensibilityGlobals) = postSolution
		SolutionGuid = {63D1651F-2300-47A0-9114-BDDAC1608EBB}
	EndGlobalSection
EndGlobal
